
Microsoft Visual Studio Solution File, Format Version 9.00
# Visual Studio 2005
Project("{FAE04EC0-301F-11D3-BF4B-00C04F79EFBC}") = "FreeTrainSDL", "FreeTrainSDL.csproj", "{B43DC0F1-5C4B-490F-8171-C3754A02D605}"
EndProject
Project("{FAE04EC0-301F-11D3-BF4B-00C04F79EFBC}") = "FreeTrain.Core", "core\FreeTrain.Core.csproj", "{7746CF50-D84E-4E7B-83FB-AB43DB854DA8}"
EndProject
Project("{FAE04EC0-301F-11D3-BF4B-00C04F79EFBC}") = "FreeTrain.Controls", "lib\Controls\FreeTrain.Controls.csproj", "{D3B86CCE-530E-4472-AE8E-3FA5F903C206}"
EndProject
Project("{FAE04EC0-301F-11D3-BF4B-00C04F79EFBC}") = "SDL.net", "lib\SDLGFX.net\SDL.net.csproj", "{778C6318-394F-4DE7-B9AF-FCCFA1B68AAE}"
EndProject
Project("{FAE04EC0-301F-11D3-BF4B-00C04F79EFBC}") = "FreeTrain.ColorTestTrain", "plugins\Kohsuke.ColorTestTrain\FreeTrain.ColorTestTrain.csproj", "{4380999E-CA4C-4AA2-8848-12FFABF72535}"
EndProject
Project("{FAE04EC0-301F-11D3-BF4B-00C04F79EFBC}") = "FreeTrain.VinylHouse", "plugins\Kohsuke.VinylHouse\FreeTrain.VinylHouse.csproj", "{D01D6622-F67B-4EDC-8CA3-4E1A8FCA422B}"
EndProject
Project("{FAE04EC0-301F-11D3-BF4B-00C04F79EFBC}") = "FreeTrain.Generic", "plugins\Chiname.Generic\FreeTrain.Generic.csproj", "{14C6D588-E391-49CE-A1D2-2A8A2A60A540}"
EndProject
Project("{FAE04EC0-301F-11D3-BF4B-00C04F79EFBC}") = "FreeTrain.HalfVoxelStructure", "plugins\Chiname.Structure.HalfVoxel\FreeTrain.HalfVoxelStructure.csproj", "{FBA1BF4E-5481-41AC-BED0-6D6326CC4C2F}"
EndProject
Project("{FAE04EC0-301F-11D3-BF4B-00C04F79EFBC}") = "FreeTrain.DummyCars", "plugins\Chiname.DummyCars\FreeTrain.DummyCars.csproj", "{733996EC-7260-4A94-B118-D1E957F0474D}"
EndProject
Project("{FAE04EC0-301F-11D3-BF4B-00C04F79EFBC}") = "FreeTrain.RoadAccessory", "plugins\Chiname.RoadAccessory\FreeTrain.RoadAccessory.csproj", "{7264D32E-75DB-4C13-9EE4-E6263FD5B652}"
EndProject
Global
	GlobalSection(SolutionConfigurationPlatforms) = preSolution
		Debug|Any CPU = Debug|Any CPU
		Release|Any CPU = Release|Any CPU
	EndGlobalSection
	GlobalSection(ProjectConfigurationPlatforms) = postSolution
		{B43DC0F1-5C4B-490F-8171-C3754A02D605}.Debug|Any CPU.ActiveCfg = Debug|Any CPU
		{B43DC0F1-5C4B-490F-8171-C3754A02D605}.Debug|Any CPU.Build.0 = Debug|Any CPU
		{B43DC0F1-5C4B-490F-8171-C3754A02D605}.Release|Any CPU.ActiveCfg = Release|Any CPU
		{B43DC0F1-5C4B-490F-8171-C3754A02D605}.Release|Any CPU.Build.0 = Release|Any CPU
		{7746CF50-D84E-4E7B-83FB-AB43DB854DA8}.Debug|Any CPU.ActiveCfg = Debug|Any CPU
		{7746CF50-D84E-4E7B-83FB-AB43DB854DA8}.Debug|Any CPU.Build.0 = Debug|Any CPU
		{7746CF50-D84E-4E7B-83FB-AB43DB854DA8}.Release|Any CPU.ActiveCfg = Release|Any CPU
		{7746CF50-D84E-4E7B-83FB-AB43DB854DA8}.Release|Any CPU.Build.0 = Release|Any CPU
		{D3B86CCE-530E-4472-AE8E-3FA5F903C206}.Debug|Any CPU.ActiveCfg = Debug|Any CPU
		{D3B86CCE-530E-4472-AE8E-3FA5F903C206}.Debug|Any CPU.Build.0 = Debug|Any CPU
		{D3B86CCE-530E-4472-AE8E-3FA5F903C206}.Release|Any CPU.ActiveCfg = Release|Any CPU
		{D3B86CCE-530E-4472-AE8E-3FA5F903C206}.Release|Any CPU.Build.0 = Release|Any CPU
		{778C6318-394F-4DE7-B9AF-FCCFA1B68AAE}.Debug|Any CPU.ActiveCfg = Debug|Any CPU
		{778C6318-394F-4DE7-B9AF-FCCFA1B68AAE}.Debug|Any CPU.Build.0 = Debug|Any CPU
		{778C6318-394F-4DE7-B9AF-FCCFA1B68AAE}.Release|Any CPU.ActiveCfg = Release|Any CPU
		{778C6318-394F-4DE7-B9AF-FCCFA1B68AAE}.Release|Any CPU.Build.0 = Release|Any CPU
		{4380999E-CA4C-4AA2-8848-12FFABF72535}.Debug|Any CPU.ActiveCfg = Debug|Any CPU
		{4380999E-CA4C-4AA2-8848-12FFABF72535}.Debug|Any CPU.Build.0 = Debug|Any CPU
		{4380999E-CA4C-4AA2-8848-12FFABF72535}.Release|Any CPU.ActiveCfg = Release|Any CPU
		{4380999E-CA4C-4AA2-8848-12FFABF72535}.Release|Any CPU.Build.0 = Release|Any CPU
		{D01D6622-F67B-4EDC-8CA3-4E1A8FCA422B}.Debug|Any CPU.ActiveCfg = Debug|Any CPU
		{D01D6622-F67B-4EDC-8CA3-4E1A8FCA422B}.Debug|Any CPU.Build.0 = Debug|Any CPU
		{D01D6622-F67B-4EDC-8CA3-4E1A8FCA422B}.Release|Any CPU.ActiveCfg = Release|Any CPU
		{D01D6622-F67B-4EDC-8CA3-4E1A8FCA422B}.Release|Any CPU.Build.0 = Release|Any CPU
		{14C6D588-E391-49CE-A1D2-2A8A2A60A540}.Debug|Any CPU.ActiveCfg = Debug|Any CPU
		{14C6D588-E391-49CE-A1D2-2A8A2A60A540}.Debug|Any CPU.Build.0 = Debug|Any CPU
		{14C6D588-E391-49CE-A1D2-2A8A2A60A540}.Release|Any CPU.ActiveCfg = Release|Any CPU
		{14C6D588-E391-49CE-A1D2-2A8A2A60A540}.Release|Any CPU.Build.0 = Release|Any CPU
		{FBA1BF4E-5481-41AC-BED0-6D6326CC4C2F}.Debug|Any CPU.ActiveCfg = Debug|Any CPU
		{FBA1BF4E-5481-41AC-BED0-6D6326CC4C2F}.Debug|Any CPU.Build.0 = Debug|Any CPU
		{FBA1BF4E-5481-41AC-BED0-6D6326CC4C2F}.Release|Any CPU.ActiveCfg = Release|Any CPU
		{FBA1BF4E-5481-41AC-BED0-6D6326CC4C2F}.Release|Any CPU.Build.0 = Release|Any CPU
		{733996EC-7260-4A94-B118-D1E957F0474D}.Debug|Any CPU.ActiveCfg = Debug|Any CPU
		{733996EC-7260-4A94-B118-D1E957F0474D}.Debug|Any CPU.Build.0 = Debug|Any CPU
		{733996EC-7260-4A94-B118-D1E957F0474D}.Release|Any CPU.ActiveCfg = Release|Any CPU
		{733996EC-7260-4A94-B118-D1E957F0474D}.Release|Any CPU.Build.0 = Release|Any CPU
		{7264D32E-75DB-4C13-9EE4-E6263FD5B652}.Debug|Any CPU.ActiveCfg = Debug|Any CPU
		{7264D32E-75DB-4C13-9EE4-E6263FD5B652}.Debug|Any CPU.Build.0 = Debug|Any CPU
		{7264D32E-75DB-4C13-9EE4-E6263FD5B652}.Release|Any CPU.ActiveCfg = Release|Any CPU
		{7264D32E-75DB-4C13-9EE4-E6263FD5B652}.Release|Any CPU.Build.0 = Release|Any CPU
	EndGlobalSection
	GlobalSection(SolutionProperties) = preSolution
		HideSolutionNode = FALSE
	EndGlobalSection
EndGlobal
